
Microsoft Visual Studio Solution File, Format Version 11.00
# Visual Studio 2010
Project("{FAE04EC0-301F-11D3-BF4B-00C04F79EFBC}") = "Astriod Catch", "Assembly-CSharp.csproj", "{F678C13D-3755-A0BB-1EDE-EF3507F25AAD}"
EndProject
Global
	GlobalSection(SolutionConfigurationPlatforms) = preSolution
		Debug|Any CPU = Debug|Any CPU
		Release|Any CPU = Release|Any CPU
	EndGlobalSection
	GlobalSection(ProjectConfigurationPlatforms) = postSolution
		{F678C13D-3755-A0BB-1EDE-EF3507F25AAD}.Debug|Any CPU.ActiveCfg = Debug|Any CPU
		{F678C13D-3755-A0BB-1EDE-EF3507F25AAD}.Debug|Any CPU.Build.0 = Debug|Any CPU
		{F678C13D-3755-A0BB-1EDE-EF3507F25AAD}.Release|Any CPU.ActiveCfg = Release|Any CPU
		{F678C13D-3755-A0BB-1EDE-EF3507F25AAD}.Release|Any CPU.Build.0 = Release|Any CPU
	EndGlobalSection
	GlobalSection(SolutionProperties) = preSolution
		HideSolutionNode = FALSE
	EndGlobalSection
	GlobalSection(MonoDevelopProperties) = preSolution
		StartupItem = Assembly-CSharp.csproj
	EndGlobalSection
EndGlobal
